// !$*UTF8*$!
{
	archiveVersion = 1;
	classes = {
	};
	objectVersion = 56;
	objects = {

/* Begin PBXBuildFile section */
		A50EE0D02D51E62B002DE95E /* ystu_id Watch App.app in Embed Watch Content */ = {isa = PBXBuildFile; fileRef = A50EE0CF2D51E62B002DE95E /* ystu_id Watch App.app */; settings = {ATTRIBUTES = (RemoveHeadersOnCopy, ); }; };
		A50EE0D52D51E62B002DE95E /* ystu_idApp.swift in Sources */ = {isa = PBXBuildFile; fileRef = A50EE0D42D51E62B002DE95E /* ystu_idApp.swift */; };
		A50EE0D72D51E62B002DE95E /* ContentView.swift in Sources */ = {isa = PBXBuildFile; fileRef = A50EE0D62D51E62B002DE95E /* ContentView.swift */; };
		A50EE0D92D51E62D002DE95E /* Assets.xcassets in Resources */ = {isa = PBXBuildFile; fileRef = A50EE0D82D51E62D002DE95E /* Assets.xcassets */; };
		A50EE0DC2D51E62D002DE95E /* Preview Assets.xcassets in Resources */ = {isa = PBXBuildFile; fileRef = A50EE0DB2D51E62D002DE95E /* Preview Assets.xcassets */; };
		A50EE0E62D51E62E002DE95E /* ystu_id_Watch_AppTests.swift in Sources */ = {isa = PBXBuildFile; fileRef = A50EE0E52D51E62E002DE95E /* ystu_id_Watch_AppTests.swift */; };
		A50EE0F02D51E62E002DE95E /* ystu_id_Watch_AppUITests.swift in Sources */ = {isa = PBXBuildFile; fileRef = A50EE0EF2D51E62E002DE95E /* ystu_id_Watch_AppUITests.swift */; };
		A50EE0F22D51E62E002DE95E /* ystu_id_Watch_AppUITestsLaunchTests.swift in Sources */ = {isa = PBXBuildFile; fileRef = A50EE0F12D51E62E002DE95E /* ystu_id_Watch_AppUITestsLaunchTests.swift */; };
/* End PBXBuildFile section */

/* Begin PBXContainerItemProxy section */
		A50EE0D12D51E62B002DE95E /* PBXContainerItemProxy */ = {
			isa = PBXContainerItemProxy;
			containerPortal = A50EE0C32D51E62B002DE95E /* Project object */;
			proxyType = 1;
			remoteGlobalIDString = A50EE0CE2D51E62B002DE95E;
			remoteInfo = "ystu_id Watch App";
		};
		A50EE0E22D51E62E002DE95E /* PBXContainerItemProxy */ = {
			isa = PBXContainerItemProxy;
			containerPortal = A50EE0C32D51E62B002DE95E /* Project object */;
			proxyType = 1;
			remoteGlobalIDString = A50EE0CE2D51E62B002DE95E;
			remoteInfo = "ystu_id Watch App";
		};
		A50EE0EC2D51E62E002DE95E /* PBXContainerItemProxy */ = {
			isa = PBXContainerItemProxy;
			containerPortal = A50EE0C32D51E62B002DE95E /* Project object */;
			proxyType = 1;
			remoteGlobalIDString = A50EE0CE2D51E62B002DE95E;
			remoteInfo = "ystu_id Watch App";
		};
/* End PBXContainerItemProxy section */

/* Begin PBXCopyFilesBuildPhase section */
		A50EE0F82D51E62E002DE95E /* Embed Watch Content */ = {
			isa = PBXCopyFilesBuildPhase;
			buildActionMask = 2147483647;
			dstPath = "$(CONTENTS_FOLDER_PATH)/Watch";
			dstSubfolderSpec = 16;
			files = (
				A50EE0D02D51E62B002DE95E /* ystu_id Watch App.app in Embed Watch Content */,
			);
			name = "Embed Watch Content";
			runOnlyForDeploymentPostprocessing = 0;
		};
/* End PBXCopyFilesBuildPhase section */

/* Begin PBXFileReference section */
		A50EE0C92D51E62B002DE95E /* ystu_id.app */ = {isa = PBXFileReference; explicitFileType = wrapper.application; includeInIndex = 0; path = ystu_id.app; sourceTree = BUILT_PRODUCTS_DIR; };
		A50EE0CF2D51E62B002DE95E /* ystu_id Watch App.app */ = {isa = PBXFileReference; explicitFileType = wrapper.application; includeInIndex = 0; path = "ystu_id Watch App.app"; sourceTree = BUILT_PRODUCTS_DIR; };
		A50EE0D42D51E62B002DE95E /* ystu_idApp.swift */ = {isa = PBXFileReference; lastKnownFileType = sourcecode.swift; path = ystu_idApp.swift; sourceTree = "<group>"; };
		A50EE0D62D51E62B002DE95E /* ContentView.swift */ = {isa = PBXFileReference; lastKnownFileType = sourcecode.swift; path = ContentView.swift; sourceTree = "<group>"; };
		A50EE0D82D51E62D002DE95E /* Assets.xcassets */ = {isa = PBXFileReference; lastKnownFileType = folder.assetcatalog; path = Assets.xcassets; sourceTree = "<group>"; };
		A50EE0DB2D51E62D002DE95E /* Preview Assets.xcassets */ = {isa = PBXFileReference; lastKnownFileType = folder.assetcatalog; path = "Preview Assets.xcassets"; sourceTree = "<group>"; };
		A50EE0E12D51E62E002DE95E /* ystu_id Watch AppTests.xctest */ = {isa = PBXFileReference; explicitFileType = wrapper.cfbundle; includeInIndex = 0; path = "ystu_id Watch AppTests.xctest"; sourceTree = BUILT_PRODUCTS_DIR; };
		A50EE0E52D51E62E002DE95E /* ystu_id_Watch_AppTests.swift */ = {isa = PBXFileReference; lastKnownFileType = sourcecode.swift; path = ystu_id_Watch_AppTests.swift; sourceTree = "<group>"; };
		A50EE0EB2D51E62E002DE95E /* ystu_id Watch AppUITests.xctest */ = {isa = PBXFileReference; explicitFileType = wrapper.cfbundle; includeInIndex = 0; path = "ystu_id Watch AppUITests.xctest"; sourceTree = BUILT_PRODUCTS_DIR; };
		A50EE0EF2D51E62E002DE95E /* ystu_id_Watch_AppUITests.swift */ = {isa = PBXFileReference; lastKnownFileType = sourcecode.swift; path = ystu_id_Watch_AppUITests.swift; sourceTree = "<group>"; };
		A50EE0F12D51E62E002DE95E /* ystu_id_Watch_AppUITestsLaunchTests.swift */ = {isa = PBXFileReference; lastKnownFileType = sourcecode.swift; path = ystu_id_Watch_AppUITestsLaunchTests.swift; sourceTree = "<group>"; };
/* End PBXFileReference section */

/* Begin PBXFrameworksBuildPhase section */
		A50EE0CC2D51E62B002DE95E /* Frameworks */ = {
			isa = PBXFrameworksBuildPhase;
			buildActionMask = 2147483647;
			files = (
			);
			runOnlyForDeploymentPostprocessing = 0;
		};
		A50EE0DE2D51E62E002DE95E /* Frameworks */ = {
			isa = PBXFrameworksBuildPhase;
			buildActionMask = 2147483647;
			files = (
			);
			runOnlyForDeploymentPostprocessing = 0;
		};
		A50EE0E82D51E62E002DE95E /* Frameworks */ = {
			isa = PBXFrameworksBuildPhase;
			buildActionMask = 2147483647;
			files = (
			);
			runOnlyForDeploymentPostprocessing = 0;
		};
/* End PBXFrameworksBuildPhase section */

/* Begin PBXGroup section */
		A50EE0C22D51E62B002DE95E = {
			isa = PBXGroup;
			children = (
				A50EE0D32D51E62B002DE95E /* ystu_id Watch App */,
				A50EE0E42D51E62E002DE95E /* ystu_id Watch AppTests */,
				A50EE0EE2D51E62E002DE95E /* ystu_id Watch AppUITests */,
				A50EE0CA2D51E62B002DE95E /* Products */,
			);
			sourceTree = "<group>";
		};
		A50EE0CA2D51E62B002DE95E /* Products */ = {
			isa = PBXGroup;
			children = (
				A50EE0C92D51E62B002DE95E /* ystu_id.app */,
				A50EE0CF2D51E62B002DE95E /* ystu_id Watch App.app */,
				A50EE0E12D51E62E002DE95E /* ystu_id Watch AppTests.xctest */,
				A50EE0EB2D51E62E002DE95E /* ystu_id Watch AppUITests.xctest */,
			);
			name = Products;
			sourceTree = "<group>";
		};
		A50EE0D32D51E62B002DE95E /* ystu_id Watch App */ = {
			isa = PBXGroup;
			children = (
				A50EE0D42D51E62B002DE95E /* ystu_idApp.swift */,
				A50EE0D62D51E62B002DE95E /* ContentView.swift */,
				A50EE0D82D51E62D002DE95E /* Assets.xcassets */,
				A50EE0DA2D51E62D002DE95E /* Preview Content */,
			);
			path = "ystu_id Watch App";
			sourceTree = "<group>";
		};
		A50EE0DA2D51E62D002DE95E /* Preview Content */ = {
			isa = PBXGroup;
			children = (
				A50EE0DB2D51E62D002DE95E /* Preview Assets.xcassets */,
			);
			path = "Preview Content";
			sourceTree = "<group>";
		};
		A50EE0E42D51E62E002DE95E /* ystu_id Watch AppTests */ = {
			isa = PBXGroup;
			children = (
				A50EE0E52D51E62E002DE95E /* ystu_id_Watch_AppTests.swift */,
			);
			path = "ystu_id Watch AppTests";
			sourceTree = "<group>";
		};
		A50EE0EE2D51E62E002DE95E /* ystu_id Watch AppUITests */ = {
			isa = PBXGroup;
			children = (
				A50EE0EF2D51E62E002DE95E /* ystu_id_Watch_AppUITests.swift */,
				A50EE0F12D51E62E002DE95E /* ystu_id_Watch_AppUITestsLaunchTests.swift */,
			);
			path = "ystu_id Watch AppUITests";
			sourceTree = "<group>";
		};
/* End PBXGroup section */

/* Begin PBXNativeTarget section */
		A50EE0C82D51E62B002DE95E /* ystu_id */ = {
			isa = PBXNativeTarget;
			buildConfigurationList = A50EE0F92D51E62E002DE95E /* Build configuration list for PBXNativeTarget "ystu_id" */;
			buildPhases = (
				A50EE0C72D51E62B002DE95E /* Resources */,
				A50EE0F82D51E62E002DE95E /* Embed Watch Content */,
			);
			buildRules = (
			);
			dependencies = (
				A50EE0D22D51E62B002DE95E /* PBXTargetDependency */,
			);
			name = ystu_id;
			productName = ystu_id;
			productReference = A50EE0C92D51E62B002DE95E /* ystu_id.app */;
			productType = "com.apple.product-type.application.watchapp2-container";
		};
		A50EE0CE2D51E62B002DE95E /* ystu_id Watch App */ = {
			isa = PBXNativeTarget;
			buildConfigurationList = A50EE0F52D51E62E002DE95E /* Build configuration list for PBXNativeTarget "ystu_id Watch App" */;
			buildPhases = (
				A50EE0CB2D51E62B002DE95E /* Sources */,
				A50EE0CC2D51E62B002DE95E /* Frameworks */,
				A50EE0CD2D51E62B002DE95E /* Resources */,
			);
			buildRules = (
			);
			dependencies = (
			);
			name = "ystu_id Watch App";
			productName = "ystu_id Watch App";
			productReference = A50EE0CF2D51E62B002DE95E /* ystu_id Watch App.app */;
			productType = "com.apple.product-type.application";
		};
		A50EE0E02D51E62E002DE95E /* ystu_id Watch AppTests */ = {
			isa = PBXNativeTarget;
			buildConfigurationList = A50EE0FC2D51E62E002DE95E /* Build configuration list for PBXNativeTarget "ystu_id Watch AppTests" */;
			buildPhases = (
				A50EE0DD2D51E62E002DE95E /* Sources */,
				A50EE0DE2D51E62E002DE95E /* Frameworks */,
				A50EE0DF2D51E62E002DE95E /* Resources */,
			);
			buildRules = (
			);
			dependencies = (
				A50EE0E32D51E62E002DE95E /* PBXTargetDependency */,
			);
			name = "ystu_id Watch AppTests";
			productName = "ystu_id Watch AppTests";
			productReference = A50EE0E12D51E62E002DE95E /* ystu_id Watch AppTests.xctest */;
			productType = "com.apple.product-type.bundle.unit-test";
		};
		A50EE0EA2D51E62E002DE95E /* ystu_id Watch AppUITests */ = {
			isa = PBXNativeTarget;
			buildConfigurationList = A50EE0FF2D51E62E002DE95E /* Build configuration list for PBXNativeTarget "ystu_id Watch AppUITests" */;
			buildPhases = (
				A50EE0E72D51E62E002DE95E /* Sources */,
				A50EE0E82D51E62E002DE95E /* Frameworks */,
				A50EE0E92D51E62E002DE95E /* Resources */,
			);
			buildRules = (
			);
			dependencies = (
				A50EE0ED2D51E62E002DE95E /* PBXTargetDependency */,
			);
			name = "ystu_id Watch AppUITests";
			productName = "ystu_id Watch AppUITests";
			productReference = A50EE0EB2D51E62E002DE95E /* ystu_id Watch AppUITests.xctest */;
			productType = "com.apple.product-type.bundle.ui-testing";
		};
/* End PBXNativeTarget section */

/* Begin PBXProject section */
		A50EE0C32D51E62B002DE95E /* Project object */ = {
			isa = PBXProject;
			attributes = {
				BuildIndependentTargetsInParallel = 1;
				LastSwiftUpdateCheck = 1500;
				LastUpgradeCheck = 1500;
				TargetAttributes = {
					A50EE0C82D51E62B002DE95E = {
						CreatedOnToolsVersion = 15.0;
					};
					A50EE0CE2D51E62B002DE95E = {
						CreatedOnToolsVersion = 15.0;
					};
					A50EE0E02D51E62E002DE95E = {
						CreatedOnToolsVersion = 15.0;
						TestTargetID = A50EE0CE2D51E62B002DE95E;
					};
					A50EE0EA2D51E62E002DE95E = {
						CreatedOnToolsVersion = 15.0;
						TestTargetID = A50EE0CE2D51E62B002DE95E;
					};
				};
			};
			buildConfigurationList = A50EE0C62D51E62B002DE95E /* Build configuration list for PBXProject "ystu_id" */;
			compatibilityVersion = "Xcode 14.0";
			developmentRegion = en;
			hasScannedForEncodings = 0;
			knownRegions = (
				en,
				Base,
			);
			mainGroup = A50EE0C22D51E62B002DE95E;
			productRefGroup = A50EE0CA2D51E62B002DE95E /* Products */;
			projectDirPath = "";
			projectRoot = "";
			targets = (
				A50EE0C82D51E62B002DE95E /* ystu_id */,
				A50EE0CE2D51E62B002DE95E /* ystu_id Watch App */,
				A50EE0E02D51E62E002DE95E /* ystu_id Watch AppTests */,
				A50EE0EA2D51E62E002DE95E /* ystu_id Watch AppUITests */,
			);
		};
/* End PBXProject section */

/* Begin PBXResourcesBuildPhase section */
		A50EE0C72D51E62B002DE95E /* Resources */ = {
			isa = PBXResourcesBuildPhase;
			buildActionMask = 2147483647;
			files = (
			);
			runOnlyForDeploymentPostprocessing = 0;
		};
		A50EE0CD2D51E62B002DE95E /* Resources */ = {
			isa = PBXResourcesBuildPhase;
			buildActionMask = 2147483647;
			files = (
				A50EE0DC2D51E62D002DE95E /* Preview Assets.xcassets in Resources */,
				A50EE0D92D51E62D002DE95E /* Assets.xcassets in Resources */,
			);
			runOnlyForDeploymentPostprocessing = 0;
		};
		A50EE0DF2D51E62E002DE95E /* Resources */ = {
			isa = PBXResourcesBuildPhase;
			buildActionMask = 2147483647;
			files = (
			);
			runOnlyForDeploymentPostprocessing = 0;
		};
		A50EE0E92D51E62E002DE95E /* Resources */ = {
			isa = PBXResourcesBuildPhase;
			buildActionMask = 2147483647;
			files = (
			);
			runOnlyForDeploymentPostprocessing = 0;
		};
/* End PBXResourcesBuildPhase section */

/* Begin PBXSourcesBuildPhase section */
		A50EE0CB2D51E62B002DE95E /* Sources */ = {
			isa = PBXSourcesBuildPhase;
			buildActionMask = 2147483647;
			files = (
				A50EE0D72D51E62B002DE95E /* ContentView.swift in Sources */,
				A50EE0D52D51E62B002DE95E /* ystu_idApp.swift in Sources */,
			);
			runOnlyForDeploymentPostprocessing = 0;
		};
		A50EE0DD2D51E62E002DE95E /* Sources */ = {
			isa = PBXSourcesBuildPhase;
			buildActionMask = 2147483647;
			files = (
				A50EE0E62D51E62E002DE95E /* ystu_id_Watch_AppTests.swift in Sources */,
			);
			runOnlyForDeploymentPostprocessing = 0;
		};
		A50EE0E72D51E62E002DE95E /* Sources */ = {
			isa = PBXSourcesBuildPhase;
			buildActionMask = 2147483647;
			files = (
				A50EE0F22D51E62E002DE95E /* ystu_id_Watch_AppUITestsLaunchTests.swift in Sources */,
				A50EE0F02D51E62E002DE95E /* ystu_id_Watch_AppUITests.swift in Sources */,
			);
			runOnlyForDeploymentPostprocessing = 0;
		};
/* End PBXSourcesBuildPhase section */

/* Begin PBXTargetDependency section */
		A50EE0D22D51E62B002DE95E /* PBXTargetDependency */ = {
			isa = PBXTargetDependency;
			target = A50EE0CE2D51E62B002DE95E /* ystu_id Watch App */;
			targetProxy = A50EE0D12D51E62B002DE95E /* PBXContainerItemProxy */;
		};
		A50EE0E32D51E62E002DE95E /* PBXTargetDependency */ = {
			isa = PBXTargetDependency;
			target = A50EE0CE2D51E62B002DE95E /* ystu_id Watch App */;
			targetProxy = A50EE0E22D51E62E002DE95E /* PBXContainerItemProxy */;
		};
		A50EE0ED2D51E62E002DE95E /* PBXTargetDependency */ = {
			isa = PBXTargetDependency;
			target = A50EE0CE2D51E62B002DE95E /* ystu_id Watch App */;
			targetProxy = A50EE0EC2D51E62E002DE95E /* PBXContainerItemProxy */;
		};
/* End PBXTargetDependency section */

/* Begin XCBuildConfiguration section */
		A50EE0F32D51E62E002DE95E /* Debug */ = {
			isa = XCBuildConfiguration;
			buildSettings = {
				ALWAYS_SEARCH_USER_PATHS = NO;
				ASSETCATALOG_COMPILER_GENERATE_SWIFT_ASSET_SYMBOL_EXTENSIONS = YES;
				CLANG_ANALYZER_NONNULL = YES;
				CLANG_ANALYZER_NUMBER_OBJECT_CONVERSION = YES_AGGRESSIVE;
				CLANG_CXX_LANGUAGE_STANDARD = "gnu++20";
				CLANG_ENABLE_MODULES = YES;
				CLANG_ENABLE_OBJC_ARC = YES;
				CLANG_ENABLE_OBJC_WEAK = YES;
				CLANG_WARN_BLOCK_CAPTURE_AUTORELEASING = YES;
				CLANG_WARN_BOOL_CONVERSION = YES;
				CLANG_WARN_COMMA = YES;
				CLANG_WARN_CONSTANT_CONVERSION = YES;
				CLANG_WARN_DEPRECATED_OBJC_IMPLEMENTATIONS = YES;
				CLANG_WARN_DIRECT_OBJC_ISA_USAGE = YES_ERROR;
				CLANG_WARN_DOCUMENTATION_COMMENTS = YES;
				CLANG_WARN_EMPTY_BODY = YES;
				CLANG_WARN_ENUM_CONVERSION = YES;
				CLANG_WARN_INFINITE_RECURSION = YES;
				CLANG_WARN_INT_CONVERSION = YES;
				CLANG_WARN_NON_LITERAL_NULL_CONVERSION = YES;
				CLANG_WARN_OBJC_IMPLICIT_RETAIN_SELF = YES;
				CLANG_WARN_OBJC_LITERAL_CONVERSION = YES;
				CLANG_WARN_OBJC_ROOT_CLASS = YES_ERROR;
				CLANG_WARN_QUOTED_INCLUDE_IN_FRAMEWORK_HEADER = YES;
				CLANG_WARN_RANGE_LOOP_ANALYSIS = YES;
				CLANG_WARN_STRICT_PROTOTYPES = YES;
				CLANG_WARN_SUSPICIOUS_MOVE = YES;
				CLANG_WARN_UNGUARDED_AVAILABILITY = YES_AGGRESSIVE;
				CLANG_WARN_UNREACHABLE_CODE = YES;
				CLANG_WARN__DUPLICATE_METHOD_MATCH = YES;
				COPY_PHASE_STRIP = NO;
				DEBUG_INFORMATION_FORMAT = dwarf;
				ENABLE_STRICT_OBJC_MSGSEND = YES;
				ENABLE_TESTABILITY = YES;
				ENABLE_USER_SCRIPT_SANDBOXING = YES;
				GCC_C_LANGUAGE_STANDARD = gnu17;
				GCC_DYNAMIC_NO_PIC = NO;
				GCC_NO_COMMON_BLOCKS = YES;
				GCC_OPTIMIZATION_LEVEL = 0;
				GCC_PREPROCESSOR_DEFINITIONS = (
					"DEBUG=1",
					"$(inherited)",
				);
				GCC_WARN_64_TO_32_BIT_CONVERSION = YES;
				GCC_WARN_ABOUT_RETURN_TYPE = YES_ERROR;
				GCC_WARN_UNDECLARED_SELECTOR = YES;
				GCC_WARN_UNINITIALIZED_AUTOS = YES_AGGRESSIVE;
				GCC_WARN_UNUSED_FUNCTION = YES;
				GCC_WARN_UNUSED_VARIABLE = YES;
				LOCALIZATION_PREFERS_STRING_CATALOGS = YES;
				MTL_ENABLE_DEBUG_INFO = INCLUDE_SOURCE;
				MTL_FAST_MATH = YES;
				ONLY_ACTIVE_ARCH = YES;
				SWIFT_ACTIVE_COMPILATION_CONDITIONS = "DEBUG $(inherited)";
				SWIFT_OPTIMIZATION_LEVEL = "-Onone";
			};
			name = Debug;
		};
		A50EE0F42D51E62E002DE95E /* Release */ = {
			isa = XCBuildConfiguration;
			buildSettings = {
				ALWAYS_SEARCH_USER_PATHS = NO;
				ASSETCATALOG_COMPILER_GENERATE_SWIFT_ASSET_SYMBOL_EXTENSIONS = YES;
				CLANG_ANALYZER_NONNULL = YES;
				CLANG_ANALYZER_NUMBER_OBJECT_CONVERSION = YES_AGGRESSIVE;
				CLANG_CXX_LANGUAGE_STANDARD = "gnu++20";
				CLANG_ENABLE_MODULES = YES;
				CLANG_ENABLE_OBJC_ARC = YES;
				CLANG_ENABLE_OBJC_WEAK = YES;
				CLANG_WARN_BLOCK_CAPTURE_AUTORELEASING = YES;
				CLANG_WARN_BOOL_CONVERSION = YES;
				CLANG_WARN_COMMA = YES;
				CLANG_WARN_CONSTANT_CONVERSION = YES;
				CLANG_WARN_DEPRECATED_OBJC_IMPLEMENTATIONS = YES;
				CLANG_WARN_DIRECT_OBJC_ISA_USAGE = YES_ERROR;
				CLANG_WARN_DOCUMENTATION_COMMENTS = YES;
				CLANG_WARN_EMPTY_BODY = YES;
				CLANG_WARN_ENUM_CONVERSION = YES;
				CLANG_WARN_INFINITE_RECURSION = YES;
				CLANG_WARN_INT_CONVERSION = YES;
				CLANG_WARN_NON_LITERAL_NULL_CONVERSION = YES;
				CLANG_WARN_OBJC_IMPLICIT_RETAIN_SELF = YES;
				CLANG_WARN_OBJC_LITERAL_CONVERSION = YES;
				CLANG_WARN_OBJC_ROOT_CLASS = YES_ERROR;
				CLANG_WARN_QUOTED_INCLUDE_IN_FRAMEWORK_HEADER = YES;
				CLANG_WARN_RANGE_LOOP_ANALYSIS = YES;
				CLANG_WARN_STRICT_PROTOTYPES = YES;
				CLANG_WARN_SUSPICIOUS_MOVE = YES;
				CLANG_WARN_UNGUARDED_AVAILABILITY = YES_AGGRESSIVE;
				CLANG_WARN_UNREACHABLE_CODE = YES;
				CLANG_WARN__DUPLICATE_METHOD_MATCH = YES;
				COPY_PHASE_STRIP = NO;
				DEBUG_INFORMATION_FORMAT = "dwarf-with-dsym";
				ENABLE_NS_ASSERTIONS = NO;
				ENABLE_STRICT_OBJC_MSGSEND = YES;
				ENABLE_USER_SCRIPT_SANDBOXING = YES;
				GCC_C_LANGUAGE_STANDARD = gnu17;
				GCC_NO_COMMON_BLOCKS = YES;
				GCC_WARN_64_TO_32_BIT_CONVERSION = YES;
				GCC_WARN_ABOUT_RETURN_TYPE = YES_ERROR;
				GCC_WARN_UNDECLARED_SELECTOR = YES;
				GCC_WARN_UNINITIALIZED_AUTOS = YES_AGGRESSIVE;
				GCC_WARN_UNUSED_FUNCTION = YES;
				GCC_WARN_UNUSED_VARIABLE = YES;
				LOCALIZATION_PREFERS_STRING_CATALOGS = YES;
				MTL_ENABLE_DEBUG_INFO = NO;
				MTL_FAST_MATH = YES;
				SWIFT_COMPILATION_MODE = wholemodule;
			};
			name = Release;
		};
		A50EE0F62D51E62E002DE95E /* Debug */ = {
			isa = XCBuildConfiguration;
			buildSettings = {
				ASSETCATALOG_COMPILER_APPICON_NAME = AppIcon;
				ASSETCATALOG_COMPILER_GLOBAL_ACCENT_COLOR_NAME = AccentColor;
				CODE_SIGN_STYLE = Automatic;
				CURRENT_PROJECT_VERSION = 1;
				DEVELOPMENT_ASSET_PATHS = "\"ystu_id Watch App/Preview Content\"";
				DEVELOPMENT_TEAM = Z86322J6Z3;
				ENABLE_PREVIEWS = YES;
				GENERATE_INFOPLIST_FILE = YES;
				INFOPLIST_KEY_CFBundleDisplayName = ystu_id;
				INFOPLIST_KEY_UISupportedInterfaceOrientations = "UIInterfaceOrientationPortrait UIInterfaceOrientationPortraitUpsideDown";
				INFOPLIST_KEY_WKWatchOnly = YES;
				LD_RUNPATH_SEARCH_PATHS = (
					"$(inherited)",
					"@executable_path/Frameworks",
				);
				MARKETING_VERSION = 1.0;
				PRODUCT_BUNDLE_IDENTIFIER = "danil.ystu-id.watchkitapp";
				PRODUCT_NAME = "$(TARGET_NAME)";
				SDKROOT = watchos;
				SKIP_INSTALL = YES;
				SWIFT_EMIT_LOC_STRINGS = YES;
				SWIFT_VERSION = 5.0;
				TARGETED_DEVICE_FAMILY = 4;
				WATCHOS_DEPLOYMENT_TARGET = 10.0;
			};
			name = Debug;
		};
		A50EE0F72D51E62E002DE95E /* Release */ = {
			isa = XCBuildConfiguration;
			buildSettings = {
				ASSETCATALOG_COMPILER_APPICON_NAME = AppIcon;
				ASSETCATALOG_COMPILER_GLOBAL_ACCENT_COLOR_NAME = AccentColor;
				CODE_SIGN_STYLE = Automatic;
				CURRENT_PROJECT_VERSION = 1;
				DEVELOPMENT_ASSET_PATHS = "\"ystu_id Watch App/Preview Content\"";
				DEVELOPMENT_TEAM = Z86322J6Z3;
				ENABLE_PREVIEWS = YES;
				GENERATE_INFOPLIST_FILE = YES;
				INFOPLIST_KEY_CFBundleDisplayName = ystu_id;
				INFOPLIST_KEY_UISupportedInterfaceOrientations = "UIInterfaceOrientationPortrait UIInterfaceOrientationPortraitUpsideDown";
				INFOPLIST_KEY_WKWatchOnly = YES;
				LD_RUNPATH_SEARCH_PATHS = (
					"$(inherited)",
					"@executable_path/Frameworks",
				);
				MARKETING_VERSION = 1.0;
				PRODUCT_BUNDLE_IDENTIFIER = "danil.ystu-id.watchkitapp";
				PRODUCT_NAME = "$(TARGET_NAME)";
				SDKROOT = watchos;
				SKIP_INSTALL = YES;
				SWIFT_EMIT_LOC_STRINGS = YES;
				SWIFT_VERSION = 5.0;
				TARGETED_DEVICE_FAMILY = 4;
				VALIDATE_PRODUCT = YES;
				WATCHOS_DEPLOYMENT_TARGET = 10.0;
			};
			name = Release;
		};
		A50EE0FA2D51E62E002DE95E /* Debug */ = {
			isa = XCBuildConfiguration;
			buildSettings = {
				ALWAYS_EMBED_SWIFT_STANDARD_LIBRARIES = YES;
				CODE_SIGN_STYLE = Automatic;
				CURRENT_PROJECT_VERSION = 1;
				DEVELOPMENT_TEAM = Z86322J6Z3;
				INFOPLIST_KEY_CFBundleDisplayName = ystu_id;
				IPHONEOS_DEPLOYMENT_TARGET = 17.0;
				MARKETING_VERSION = 1.0;
				PRODUCT_BUNDLE_IDENTIFIER = "danil.ystu-id";
				PRODUCT_NAME = "$(TARGET_NAME)";
				SDKROOT = iphoneos;
				SUPPORTED_PLATFORMS = "iphoneos iphonesimulator";
				SUPPORTS_MACCATALYST = NO;
				SWIFT_VERSION = 5.0;
				TARGETED_DEVICE_FAMILY = 1;
			};
			name = Debug;
		};
		A50EE0FB2D51E62E002DE95E /* Release */ = {
			isa = XCBuildConfiguration;
			buildSettings = {
				ALWAYS_EMBED_SWIFT_STANDARD_LIBRARIES = YES;
				CODE_SIGN_STYLE = Automatic;
				CURRENT_PROJECT_VERSION = 1;
				DEVELOPMENT_TEAM = Z86322J6Z3;
				INFOPLIST_KEY_CFBundleDisplayName = ystu_id;
				IPHONEOS_DEPLOYMENT_TARGET = 17.0;
				MARKETING_VERSION = 1.0;
				PRODUCT_BUNDLE_IDENTIFIER = "danil.ystu-id";
				PRODUCT_NAME = "$(TARGET_NAME)";
				SDKROOT = iphoneos;
				SUPPORTED_PLATFORMS = "iphoneos iphonesimulator";
				SUPPORTS_MACCATALYST = NO;
				SWIFT_VERSION = 5.0;
				TARGETED_DEVICE_FAMILY = 1;
				VALIDATE_PRODUCT = YES;
			};
			name = Release;
		};
		A50EE0FD2D51E62E002DE95E /* Debug */ = {
			isa = XCBuildConfiguration;
			buildSettings = {
				ALWAYS_EMBED_SWIFT_STANDARD_LIBRARIES = YES;
				BUNDLE_LOADER = "$(TEST_HOST)";
				CODE_SIGN_STYLE = Automatic;
				CURRENT_PROJECT_VERSION = 1;
				DEVELOPMENT_TEAM = Z86322J6Z3;
				GENERATE_INFOPLIST_FILE = YES;
				MARKETING_VERSION = 1.0;
				PRODUCT_BUNDLE_IDENTIFIER = "danil.ystu-id-Watch-AppTests";
				PRODUCT_NAME = "$(TARGET_NAME)";
				SDKROOT = watchos;
				SWIFT_EMIT_LOC_STRINGS = NO;
				SWIFT_VERSION = 5.0;
				TARGETED_DEVICE_FAMILY = 4;
				TEST_HOST = "$(BUILT_PRODUCTS_DIR)/ystu_id Watch App.app/$(BUNDLE_EXECUTABLE_FOLDER_PATH)/ystu_id Watch App";
				WATCHOS_DEPLOYMENT_TARGET = 10.0;
			};
			name = Debug;
		};
		A50EE0FE2D51E62E002DE95E /* Release */ = {
			isa = XCBuildConfiguration;
			buildSettings = {
				ALWAYS_EMBED_SWIFT_STANDARD_LIBRARIES = YES;
				BUNDLE_LOADER = "$(TEST_HOST)";
				CODE_SIGN_STYLE = Automatic;
				CURRENT_PROJECT_VERSION = 1;
				DEVELOPMENT_TEAM = Z86322J6Z3;
				GENERATE_INFOPLIST_FILE = YES;
				MARKETING_VERSION = 1.0;
				PRODUCT_BUNDLE_IDENTIFIER = "danil.ystu-id-Watch-AppTests";
				PRODUCT_NAME = "$(TARGET_NAME)";
				SDKROOT = watchos;
				SWIFT_EMIT_LOC_STRINGS = NO;
				SWIFT_VERSION = 5.0;
				TARGETED_DEVICE_FAMILY = 4;
				TEST_HOST = "$(BUILT_PRODUCTS_DIR)/ystu_id Watch App.app/$(BUNDLE_EXECUTABLE_FOLDER_PATH)/ystu_id Watch App";
				VALIDATE_PRODUCT = YES;
				WATCHOS_DEPLOYMENT_TARGET = 10.0;
			};
			name = Release;
		};
		A50EE1002D51E62E002DE95E /* Debug */ = {
			isa = XCBuildConfiguration;
			buildSettings = {
				ALWAYS_EMBED_SWIFT_STANDARD_LIBRARIES = YES;
				CODE_SIGN_STYLE = Automatic;
				CURRENT_PROJECT_VERSION = 1;
				DEVELOPMENT_TEAM = Z86322J6Z3;
				GENERATE_INFOPLIST_FILE = YES;
				MARKETING_VERSION = 1.0;
				PRODUCT_BUNDLE_IDENTIFIER = "danil.ystu-id-Watch-AppUITests";
				PRODUCT_NAME = "$(TARGET_NAME)";
				SDKROOT = watchos;
				SWIFT_EMIT_LOC_STRINGS = NO;
				SWIFT_VERSION = 5.0;
				TARGETED_DEVICE_FAMILY = 4;
				TEST_TARGET_NAME = "ystu_id Watch App";
				WATCHOS_DEPLOYMENT_TARGET = 10.0;
			};
			name = Debug;
		};
		A50EE1012D51E62E002DE95E /* Release */ = {
			isa = XCBuildConfiguration;
			buildSettings = {
				ALWAYS_EMBED_SWIFT_STANDARD_LIBRARIES = YES;
				CODE_SIGN_STYLE = Automatic;
				CURRENT_PROJECT_VERSION = 1;
				DEVELOPMENT_TEAM = Z86322J6Z3;
				GENERATE_INFOPLIST_FILE = YES;
				MARKETING_VERSION = 1.0;
				PRODUCT_BUNDLE_IDENTIFIER = "danil.ystu-id-Watch-AppUITests";
				PRODUCT_NAME = "$(TARGET_NAME)";
				SDKROOT = watchos;
				SWIFT_EMIT_LOC_STRINGS = NO;
				SWIFT_VERSION = 5.0;
				TARGETED_DEVICE_FAMILY = 4;
				TEST_TARGET_NAME = "ystu_id Watch App";
				VALIDATE_PRODUCT = YES;
				WATCHOS_DEPLOYMENT_TARGET = 10.0;
			};
			name = Release;
		};
/* End XCBuildConfiguration section */

/* Begin XCConfigurationList section */
		A50EE0C62D51E62B002DE95E /* Build configuration list for PBXProject "ystu_id" */ = {
			isa = XCConfigurationList;
			buildConfigurations = (
				A50EE0F32D51E62E002DE95E /* Debug */,
				A50EE0F42D51E62E002DE95E /* Release */,
			);
			defaultConfigurationIsVisible = 0;
			defaultConfigurationName = Release;
		};
		A50EE0F52D51E62E002DE95E /* Build configuration list for PBXNativeTarget "ystu_id Watch App" */ = {
			isa = XCConfigurationList;
			buildConfigurations = (
				A50EE0F62D51E62E002DE95E /* Debug */,
				A50EE0F72D51E62E002DE95E /* Release */,
			);
			defaultConfigurationIsVisible = 0;
			defaultConfigurationName = Release;
		};
		A50EE0F92D51E62E002DE95E /* Build configuration list for PBXNativeTarget "ystu_id" */ = {
			isa = XCConfigurationList;
			buildConfigurations = (
				A50EE0FA2D51E62E002DE95E /* Debug */,
				A50EE0FB2D51E62E002DE95E /* Release */,
			);
			defaultConfigurationIsVisible = 0;
			defaultConfigurationName = Release;
		};
		A50EE0FC2D51E62E002DE95E /* Build configuration list for PBXNativeTarget "ystu_id Watch AppTests" */ = {
			isa = XCConfigurationList;
			buildConfigurations = (
				A50EE0FD2D51E62E002DE95E /* Debug */,
				A50EE0FE2D51E62E002DE95E /* Release */,
			);
			defaultConfigurationIsVisible = 0;
			defaultConfigurationName = Release;
		};
		A50EE0FF2D51E62E002DE95E /* Build configuration list for PBXNativeTarget "ystu_id Watch AppUITests" */ = {
			isa = XCConfigurationList;
			buildConfigurations = (
				A50EE1002D51E62E002DE95E /* Debug */,
				A50EE1012D51E62E002DE95E /* Release */,
			);
			defaultConfigurationIsVisible = 0;
			defaultConfigurationName = Release;
		};
/* End XCConfigurationList section */
	};
	rootObject = A50EE0C32D51E62B002DE95E /* Project object */;
}
